# This file is automatically @generated by Cargo.
# It is not intended for manual editing.
version = 3

[[package]]
name = "cemitter"
version = "0.1.0"

[[package]]
name = "lexer"
version = "0.1.0"

[[package]]
name = "parser"
version = "0.1.0"
dependencies = [
 "cemitter",
 "lexer",
]

[[package]]
name = "teeny_tiny_rust"
version = "0.1.0"
dependencies = [
 "lexer",
 "parser",
]
